
Microsoft Visual Studio Solution File, Format Version 12.00
# Visual Studio Version 17
VisualStudioVersion = 17.11.35327.3
MinimumVisualStudioVersion = 10.0.40219.1
Project("{9A19103F-16F7-4668-BE54-9A1E7A4F7556}") = "ClickEatApp.API", "ClickEatApp.API\ClickEatApp.API.csproj", "{6914DCDF-D991-4721-8CDD-AA965E6A9328}"
EndProject
Project("{9A19103F-16F7-4668-BE54-9A1E7A4F7556}") = "ClickEatApp.Core", "ClickEatApp.Core\ClickEatApp.Core.csproj", "{48C0C591-38FC-4B80-B20E-25DAA7C36A3A}"
EndProject
Project("{9A19103F-16F7-4668-BE54-9A1E7A4F7556}") = "ClickEatApp.Services", "ClickEatApp.Services\ClickEatApp.Services.csproj", "{DCC2FC19-06AD-448E-B935-1BC4E2A2BF38}"
EndProject
Project("{9A19103F-16F7-4668-BE54-9A1E7A4F7556}") = "ClickEatApp.Data", "ClickEatApp.Data\ClickEatApp.Data.csproj", "{8275CB3A-4371-406D-B651-70FD721C6ECB}"
EndProject
Project("{FAE04EC0-301F-11D3-BF4B-00C04F79EFBC}") = "ClickEatApp.Web", "ClickEatApp.Web\ClickEatApp.Web.csproj", "{B5702B07-E93F-448A-B78D-58BFBBFC3346}"
EndProject
Global
	GlobalSection(SolutionConfigurationPlatforms) = preSolution
		Debug|Any CPU = Debug|Any CPU
		Release|Any CPU = Release|Any CPU
	EndGlobalSection
	GlobalSection(ProjectConfigurationPlatforms) = postSolution
		{6914DCDF-D991-4721-8CDD-AA965E6A9328}.Debug|Any CPU.ActiveCfg = Debug|Any CPU
		{6914DCDF-D991-4721-8CDD-AA965E6A9328}.Debug|Any CPU.Build.0 = Debug|Any CPU
		{6914DCDF-D991-4721-8CDD-AA965E6A9328}.Release|Any CPU.ActiveCfg = Release|Any CPU
		{6914DCDF-D991-4721-8CDD-AA965E6A9328}.Release|Any CPU.Build.0 = Release|Any CPU
		{48C0C591-38FC-4B80-B20E-25DAA7C36A3A}.Debug|Any CPU.ActiveCfg = Debug|Any CPU
		{48C0C591-38FC-4B80-B20E-25DAA7C36A3A}.Debug|Any CPU.Build.0 = Debug|Any CPU
		{48C0C591-38FC-4B80-B20E-25DAA7C36A3A}.Release|Any CPU.ActiveCfg = Release|Any CPU
		{48C0C591-38FC-4B80-B20E-25DAA7C36A3A}.Release|Any CPU.Build.0 = Release|Any CPU
		{DCC2FC19-06AD-448E-B935-1BC4E2A2BF38}.Debug|Any CPU.ActiveCfg = Debug|Any CPU
		{DCC2FC19-06AD-448E-B935-1BC4E2A2BF38}.Debug|Any CPU.Build.0 = Debug|Any CPU
		{DCC2FC19-06AD-448E-B935-1BC4E2A2BF38}.Release|Any CPU.ActiveCfg = Release|Any CPU
		{DCC2FC19-06AD-448E-B935-1BC4E2A2BF38}.Release|Any CPU.Build.0 = Release|Any CPU
		{8275CB3A-4371-406D-B651-70FD721C6ECB}.Debug|Any CPU.ActiveCfg = Debug|Any CPU
		{8275CB3A-4371-406D-B651-70FD721C6ECB}.Debug|Any CPU.Build.0 = Debug|Any CPU
		{8275CB3A-4371-406D-B651-70FD721C6ECB}.Release|Any CPU.ActiveCfg = Release|Any CPU
		{8275CB3A-4371-406D-B651-70FD721C6ECB}.Release|Any CPU.Build.0 = Release|Any CPU
		{B5702B07-E93F-448A-B78D-58BFBBFC3346}.Debug|Any CPU.ActiveCfg = Debug|Any CPU
		{B5702B07-E93F-448A-B78D-58BFBBFC3346}.Debug|Any CPU.Build.0 = Debug|Any CPU
		{B5702B07-E93F-448A-B78D-58BFBBFC3346}.Release|Any CPU.ActiveCfg = Release|Any CPU
		{B5702B07-E93F-448A-B78D-58BFBBFC3346}.Release|Any CPU.Build.0 = Release|Any CPU
	EndGlobalSection
	GlobalSection(SolutionProperties) = preSolution
		HideSolutionNode = FALSE
	EndGlobalSection
	GlobalSection(ExtensibilityGlobals) = postSolution
		SolutionGuid = {AFF6DE4F-9D39-4A11-9913-4853E81C041A}
	EndGlobalSection
EndGlobal
